
Microsoft Visual Studio Solution File, Format Version 12.00
# Visual Studio Version 17
VisualStudioVersion = 17.11.35312.102
MinimumVisualStudioVersion = 10.0.40219.1
Project("{FAE04EC0-301F-11D3-BF4B-00C04F79EFBC}") = "Converter", "Converter.csproj", "{A5383D27-8073-42F2-A4CA-8D0B7C25577C}"
EndProject
Project("{2150E333-8FDC-42A3-9474-1A3956D46DE8}") = "Элементы решения", "Элементы решения", "{7E50B1D3-C399-4D8C-BAFE-556C7CA1A491}"
	ProjectSection(SolutionItems) = preProject
		test.csv = test.csv
		test.json = test.json
	EndProjectSection
EndProject
Global
	GlobalSection(SolutionConfigurationPlatforms) = preSolution
		Debug|Any CPU = Debug|Any CPU
		Release|Any CPU = Release|Any CPU
	EndGlobalSection
	GlobalSection(ProjectConfigurationPlatforms) = postSolution
		{A5383D27-8073-42F2-A4CA-8D0B7C25577C}.Debug|Any CPU.ActiveCfg = Debug|Any CPU
		{A5383D27-8073-42F2-A4CA-8D0B7C25577C}.Debug|Any CPU.Build.0 = Debug|Any CPU
		{A5383D27-8073-42F2-A4CA-8D0B7C25577C}.Release|Any CPU.ActiveCfg = Release|Any CPU
		{A5383D27-8073-42F2-A4CA-8D0B7C25577C}.Release|Any CPU.Build.0 = Release|Any CPU
	EndGlobalSection
	GlobalSection(SolutionProperties) = preSolution
		HideSolutionNode = FALSE
	EndGlobalSection
	GlobalSection(ExtensibilityGlobals) = postSolution
		SolutionGuid = {635871F3-6F95-405C-9298-950503CC9B11}
	EndGlobalSection
EndGlobal
